
Microsoft Visual Studio Solution File, Format Version 12.00
# Visual Studio 15
VisualStudioVersion = 15.0.27130.2020
MinimumVisualStudioVersion = 10.0.40219.1
Project("{FAE04EC0-301F-11D3-BF4B-00C04F79EFBC}") = "program1", "program1\program1.csproj", "{3783B739-C96C-421D-9FEB-EF3D95DE3346}"
EndProject
Project("{FAE04EC0-301F-11D3-BF4B-00C04F79EFBC}") = "program2", "program2\program2.csproj", "{379FCFDE-F729-4CE4-A5BA-AEC39A06D2F8}"
EndProject
Project("{FAE04EC0-301F-11D3-BF4B-00C04F79EFBC}") = "program3", "program3\program3.csproj", "{2EB3ACAA-1D14-4CCC-8190-B1C75A91E062}"
EndProject
Global
	GlobalSection(SolutionConfigurationPlatforms) = preSolution
		Debug|Any CPU = Debug|Any CPU
		Release|Any CPU = Release|Any CPU
	EndGlobalSection
	GlobalSection(ProjectConfigurationPlatforms) = postSolution
		{3783B739-C96C-421D-9FEB-EF3D95DE3346}.Debug|Any CPU.ActiveCfg = Debug|Any CPU
		{3783B739-C96C-421D-9FEB-EF3D95DE3346}.Debug|Any CPU.Build.0 = Debug|Any CPU
		{3783B739-C96C-421D-9FEB-EF3D95DE3346}.Release|Any CPU.ActiveCfg = Release|Any CPU
		{3783B739-C96C-421D-9FEB-EF3D95DE3346}.Release|Any CPU.Build.0 = Release|Any CPU
		{379FCFDE-F729-4CE4-A5BA-AEC39A06D2F8}.Debug|Any CPU.ActiveCfg = Debug|Any CPU
		{379FCFDE-F729-4CE4-A5BA-AEC39A06D2F8}.Debug|Any CPU.Build.0 = Debug|Any CPU
		{379FCFDE-F729-4CE4-A5BA-AEC39A06D2F8}.Release|Any CPU.ActiveCfg = Release|Any CPU
		{379FCFDE-F729-4CE4-A5BA-AEC39A06D2F8}.Release|Any CPU.Build.0 = Release|Any CPU
		{2EB3ACAA-1D14-4CCC-8190-B1C75A91E062}.Debug|Any CPU.ActiveCfg = Debug|Any CPU
		{2EB3ACAA-1D14-4CCC-8190-B1C75A91E062}.Debug|Any CPU.Build.0 = Debug|Any CPU
		{2EB3ACAA-1D14-4CCC-8190-B1C75A91E062}.Release|Any CPU.ActiveCfg = Release|Any CPU
		{2EB3ACAA-1D14-4CCC-8190-B1C75A91E062}.Release|Any CPU.Build.0 = Release|Any CPU
	EndGlobalSection
	GlobalSection(SolutionProperties) = preSolution
		HideSolutionNode = FALSE
	EndGlobalSection
	GlobalSection(ExtensibilityGlobals) = postSolution
		SolutionGuid = {C7A5FAE8-61BC-471F-B0C1-FEAE26329EBD}
	EndGlobalSection
EndGlobal
